{
    "_readme": [
        "This file locks the dependencies of your project to a known state",
        "Read more about it at https://getcomposer.org/doc/01-basic-usage.md#installing-dependencies",
        "This file is @generated automatically"
    ],
    "content-hash": "70a459d150c56184f535c1ec06eccbd9",
    "packages": [
        {
            "name": "chriskacerguis/codeigniter-restserver",
            "version": "3.1.1",
            "source": {
                "type": "git",
                "url": "https://github.com/chriskacerguis/codeigniter-restserver.git",
                "reference": "6ced70d12c7e8d207eaded3f208a201330950b57"
            },
            "dist": {
                "type": "zip",
                "url": "https://api.github.com/repos/chriskacerguis/codeigniter-restserver/zipball/6ced70d12c7e8d207eaded3f208a201330950b57",
                "reference": "6ced70d12c7e8d207eaded3f208a201330950b57",
                "shasum": ""
            },
            "type": "library",
            "autoload": {
                "psr-4": {
                    "chriskacerguis\\RestServer\\": "src/"
                }
            },
            "notification-url": "https://packagist.org/downloads/",
            "license": [
                "MIT"
            ],
            "authors": [
                {
                    "name": "Chris Kacerguis",
                    "email": "chriskacerguis@gmail.com"
                }
            ],
            "description": "CI Rest Server",
            "time": "2019-11-12T15:39:34+00:00"
        }
    ],
    "packages-dev": [],
    "aliases": [],
    "minimum-stability": "stable",
    "stability-flags": [],
    "prefer-stable": false,
    "prefer-lowest": false,
    "platform": [],
    "platform-dev": []
}
